{
  "name": "thelio-gcp",
  "version": "1.0.0",
  "lockfileVersion": 3,
  "requires": true,
  "packages": {
    "": {
      "name": "thelio-gcp",
      "version": "1.0.0",
      "license": "ISC",
      "dependencies": {
        "@dataform/core": "^3.0.19"
      }
    },
    "node_modules/@dataform/core": {
      "version": "3.0.19",
      "resolved": "https://registry.npmjs.org/@dataform/core/-/core-3.0.19.tgz",
      "integrity": "sha512-pe/LbwYPiOpgxAK/YxaQB/6BaAhlBE+G6eFUrIKE3jChAA4xHMKKP3RTU4y9U8vzs54KAaI3LZqd14hpzG3w7Q==",
      "license": "Apache-2.0"
    }
  }
}
